// !$*UTF8*$!
{
	archiveVersion = 1;
	classes = {
	};
	objectVersion = 45;
	objects = {

/* Begin PBXBuildFile section */
		1541E2EC1115735B00936240 /* Icon.png in Resources */ = {isa = PBXBuildFile; fileRef = 15923F1710F204960011B29A /* Icon.png */; };
		1541E2EF1115735B00936240 /* main.m in Sources */ = {isa = PBXBuildFile; fileRef = 29B97316FDCFA39411CA2CEA /* main.m */; };
		1541E2F01115735B00936240 /* ILSwapCatalogAppDelegate.m in Sources */ = {isa = PBXBuildFile; fileRef = 1D3623250D0F684500981E51 /* ILSwapCatalogAppDelegate.m */; };
		1541E2F11115735B00936240 /* ILSwapCatalogPane.m in Sources */ = {isa = PBXBuildFile; fileRef = 28C286E00D94DF7D0034E888 /* ILSwapCatalogPane.m */; };
		1541E2F21115735B00936240 /* ILSwapAppPane.m in Sources */ = {isa = PBXBuildFile; fileRef = 15923E8910F1FC6D0011B29A /* ILSwapAppPane.m */; };
		1541E2F31115735B00936240 /* ILSwapSendText.m in Sources */ = {isa = PBXBuildFile; fileRef = 157417EB10F68636006C1DC2 /* ILSwapSendText.m */; };
		1541E2F51115735B00936240 /* libSwapKit.a in Frameworks */ = {isa = PBXBuildFile; fileRef = 15923E2510F1F6230011B29A /* libSwapKit.a */; };
		1541E2F61115735B00936240 /* Foundation.framework in Frameworks */ = {isa = PBXBuildFile; fileRef = 1D30AB110D05D00D00671497 /* Foundation.framework */; };
		1541E2F71115735B00936240 /* UIKit.framework in Frameworks */ = {isa = PBXBuildFile; fileRef = 1DF5F4DF0D08C38300B7A737 /* UIKit.framework */; };
		1541E2F81115735B00936240 /* CoreGraphics.framework in Frameworks */ = {isa = PBXBuildFile; fileRef = 2892E40F0DC94CBA00A64D0F /* CoreGraphics.framework */; };
		1541E2F91115735B00936240 /* MobileCoreServices.framework in Frameworks */ = {isa = PBXBuildFile; fileRef = 15923E2610F1F62A0011B29A /* MobileCoreServices.framework */; };
		1541E312111573BD00936240 /* MainWindow.xib in Resources */ = {isa = PBXBuildFile; fileRef = 1541E311111573BD00936240 /* MainWindow.xib */; };
		1541E31B1115754800936240 /* ILSwapCatalogAppDelegate_iPad.m in Sources */ = {isa = PBXBuildFile; fileRef = 1541E31A1115754800936240 /* ILSwapCatalogAppDelegate_iPad.m */; };
		1541E321111575DB00936240 /* ILSwapCatalogPane.xib in Resources */ = {isa = PBXBuildFile; fileRef = 28F335F01007B36200424DE2 /* ILSwapCatalogPane.xib */; };
		1541E322111575DD00936240 /* ILSwapAppPane.xib in Resources */ = {isa = PBXBuildFile; fileRef = 15923E8E10F1FCAC0011B29A /* ILSwapAppPane.xib */; };
		1541E323111575DF00936240 /* ILSwapSendText.xib in Resources */ = {isa = PBXBuildFile; fileRef = 157417EF10F68652006C1DC2 /* ILSwapSendText.xib */; };
		1541E3371115780C00936240 /* ILAutorotatingViewController.m in Sources */ = {isa = PBXBuildFile; fileRef = 1541E3361115780C00936240 /* ILAutorotatingViewController.m */; };
		1541E5271115914A00936240 /* L0Keyboard.m in Sources */ = {isa = PBXBuildFile; fileRef = 1541E5261115914A00936240 /* L0Keyboard.m */; };
		1541E5281115914A00936240 /* L0Keyboard.m in Sources */ = {isa = PBXBuildFile; fileRef = 1541E5261115914A00936240 /* L0Keyboard.m */; };
		1541E5FA11159DE500936240 /* ILSwapSendImage.m in Sources */ = {isa = PBXBuildFile; fileRef = 1541E5F911159DE500936240 /* ILSwapSendImage.m */; };
		1541E5FB11159DE500936240 /* ILSwapSendImage.m in Sources */ = {isa = PBXBuildFile; fileRef = 1541E5F911159DE500936240 /* ILSwapSendImage.m */; };
		157417ED10F68636006C1DC2 /* ILSwapSendText.m in Sources */ = {isa = PBXBuildFile; fileRef = 157417EB10F68636006C1DC2 /* ILSwapSendText.m */; };
		157417F010F68652006C1DC2 /* ILSwapSendText.xib in Resources */ = {isa = PBXBuildFile; fileRef = 157417EF10F68652006C1DC2 /* ILSwapSendText.xib */; };
		15923E2710F1F62A0011B29A /* MobileCoreServices.framework in Frameworks */ = {isa = PBXBuildFile; fileRef = 15923E2610F1F62A0011B29A /* MobileCoreServices.framework */; };
		15923E2C10F1F63C0011B29A /* libSwapKit.a in Frameworks */ = {isa = PBXBuildFile; fileRef = 15923E2510F1F6230011B29A /* libSwapKit.a */; };
		15923E8B10F1FC6D0011B29A /* ILSwapAppPane.m in Sources */ = {isa = PBXBuildFile; fileRef = 15923E8910F1FC6D0011B29A /* ILSwapAppPane.m */; };
		15923E8F10F1FCAC0011B29A /* ILSwapAppPane.xib in Resources */ = {isa = PBXBuildFile; fileRef = 15923E8E10F1FCAC0011B29A /* ILSwapAppPane.xib */; };
		15923F1810F204960011B29A /* Icon.png in Resources */ = {isa = PBXBuildFile; fileRef = 15923F1710F204960011B29A /* Icon.png */; };
		1D3623260D0F684500981E51 /* ILSwapCatalogAppDelegate.m in Sources */ = {isa = PBXBuildFile; fileRef = 1D3623250D0F684500981E51 /* ILSwapCatalogAppDelegate.m */; };
		1D60589B0D05DD56006BFB54 /* main.m in Sources */ = {isa = PBXBuildFile; fileRef = 29B97316FDCFA39411CA2CEA /* main.m */; };
		1D60589F0D05DD5A006BFB54 /* Foundation.framework in Frameworks */ = {isa = PBXBuildFile; fileRef = 1D30AB110D05D00D00671497 /* Foundation.framework */; };
		1DF5F4E00D08C38300B7A737 /* UIKit.framework in Frameworks */ = {isa = PBXBuildFile; fileRef = 1DF5F4DF0D08C38300B7A737 /* UIKit.framework */; };
		2892E4100DC94CBA00A64D0F /* CoreGraphics.framework in Frameworks */ = {isa = PBXBuildFile; fileRef = 2892E40F0DC94CBA00A64D0F /* CoreGraphics.framework */; };
		28AD73600D9D9599002E5188 /* MainWindow.xib in Resources */ = {isa = PBXBuildFile; fileRef = 28AD735F0D9D9599002E5188 /* MainWindow.xib */; };
		28C286E10D94DF7D0034E888 /* ILSwapCatalogPane.m in Sources */ = {isa = PBXBuildFile; fileRef = 28C286E00D94DF7D0034E888 /* ILSwapCatalogPane.m */; };
		28F335F11007B36200424DE2 /* ILSwapCatalogPane.xib in Resources */ = {isa = PBXBuildFile; fileRef = 28F335F01007B36200424DE2 /* ILSwapCatalogPane.xib */; };
/* End PBXBuildFile section */

/* Begin PBXContainerItemProxy section */
		1541E2E71115735B00936240 /* PBXContainerItemProxy */ = {
			isa = PBXContainerItemProxy;
			containerPortal = 15923E1B10F1F6230011B29A /* SwapKit.xcodeproj */;
			proxyType = 1;
			remoteGlobalIDString = 15EAA0E610E690F100B7321A;
			remoteInfo = "SwapKit (Source)";
		};
		1541E3031115735C00936240 /* PBXContainerItemProxy */ = {
			isa = PBXContainerItemProxy;
			containerPortal = 15923E1B10F1F6230011B29A /* SwapKit.xcodeproj */;
			proxyType = 2;
			remoteGlobalIDString = 15FC688C1114650D00426124;
			remoteInfo = "SwapKit (Bundle)";
		};
		15923E2410F1F6230011B29A /* PBXContainerItemProxy */ = {
			isa = PBXContainerItemProxy;
			containerPortal = 15923E1B10F1F6230011B29A /* SwapKit.xcodeproj */;
			proxyType = 2;
			remoteGlobalIDString = D2AAC07E0554694100DB518D;
			remoteInfo = SwapKit;
		};
		15923E2A10F1F6340011B29A /* PBXContainerItemProxy */ = {
			isa = PBXContainerItemProxy;
			containerPortal = 15923E1B10F1F6230011B29A /* SwapKit.xcodeproj */;
			proxyType = 1;
			remoteGlobalIDString = 15EAA0E610E690F100B7321A;
			remoteInfo = "SwapKit (Source)";
		};
/* End PBXContainerItemProxy section */

/* Begin PBXFileReference section */
		1541E2FD1115735B00936240 /* Catalog-iPad.app */ = {isa = PBXFileReference; explicitFileType = wrapper.application; includeInIndex = 0; path = "Catalog-iPad.app"; sourceTree = BUILT_PRODUCTS_DIR; };
		1541E311111573BD00936240 /* MainWindow.xib */ = {isa = PBXFileReference; lastKnownFileType = file.xib; path = MainWindow.xib; sourceTree = "<group>"; };
		1541E3191115754800936240 /* ILSwapCatalogAppDelegate_iPad.h */ = {isa = PBXFileReference; fileEncoding = 4; lastKnownFileType = sourcecode.c.h; path = ILSwapCatalogAppDelegate_iPad.h; sourceTree = "<group>"; };
		1541E31A1115754800936240 /* ILSwapCatalogAppDelegate_iPad.m */ = {isa = PBXFileReference; fileEncoding = 4; lastKnownFileType = sourcecode.c.objc; path = ILSwapCatalogAppDelegate_iPad.m; sourceTree = "<group>"; };
		1541E3351115780C00936240 /* ILAutorotatingViewController.h */ = {isa = PBXFileReference; fileEncoding = 4; lastKnownFileType = sourcecode.c.h; path = ILAutorotatingViewController.h; sourceTree = "<group>"; };
		1541E3361115780C00936240 /* ILAutorotatingViewController.m */ = {isa = PBXFileReference; fileEncoding = 4; lastKnownFileType = sourcecode.c.objc; path = ILAutorotatingViewController.m; sourceTree = "<group>"; };
		1541E51911158FE700936240 /* Catalog-Info.plist */ = {isa = PBXFileReference; fileEncoding = 4; lastKnownFileType = text.plist.xml; path = "Catalog-Info.plist"; plistStructureDefinitionIdentifier = "com.apple.xcode.plist.structure-definition.info-plist"; sourceTree = "<group>"; };
		1541E5251115914A00936240 /* L0Keyboard.h */ = {isa = PBXFileReference; fileEncoding = 4; lastKnownFileType = sourcecode.c.h; path = L0Keyboard.h; sourceTree = "<group>"; };
		1541E5261115914A00936240 /* L0Keyboard.m */ = {isa = PBXFileReference; fileEncoding = 4; lastKnownFileType = sourcecode.c.objc; path = L0Keyboard.m; sourceTree = "<group>"; };
		1541E5F811159DE500936240 /* ILSwapSendImage.h */ = {isa = PBXFileReference; fileEncoding = 4; lastKnownFileType = sourcecode.c.h; path = ILSwapSendImage.h; sourceTree = "<group>"; };
		1541E5F911159DE500936240 /* ILSwapSendImage.m */ = {isa = PBXFileReference; fileEncoding = 4; lastKnownFileType = sourcecode.c.objc; path = ILSwapSendImage.m; sourceTree = "<group>"; };
		157417EA10F68636006C1DC2 /* ILSwapSendText.h */ = {isa = PBXFileReference; fileEncoding = 4; lastKnownFileType = sourcecode.c.h; path = ILSwapSendText.h; sourceTree = "<group>"; };
		157417EB10F68636006C1DC2 /* ILSwapSendText.m */ = {isa = PBXFileReference; fileEncoding = 4; lastKnownFileType = sourcecode.c.objc; path = ILSwapSendText.m; sourceTree = "<group>"; };
		157417EF10F68652006C1DC2 /* ILSwapSendText.xib */ = {isa = PBXFileReference; lastKnownFileType = file.xib; path = ILSwapSendText.xib; sourceTree = "<group>"; };
		15923E1B10F1F6230011B29A /* SwapKit.xcodeproj */ = {isa = PBXFileReference; lastKnownFileType = "wrapper.pb-project"; name = SwapKit.xcodeproj; path = ../SwapKit.xcodeproj; sourceTree = SOURCE_ROOT; };
		15923E2610F1F62A0011B29A /* MobileCoreServices.framework */ = {isa = PBXFileReference; lastKnownFileType = wrapper.framework; name = MobileCoreServices.framework; path = System/Library/Frameworks/MobileCoreServices.framework; sourceTree = SDKROOT; };
		15923E8810F1FC6D0011B29A /* ILSwapAppPane.h */ = {isa = PBXFileReference; fileEncoding = 4; lastKnownFileType = sourcecode.c.h; path = ILSwapAppPane.h; sourceTree = "<group>"; };
		15923E8910F1FC6D0011B29A /* ILSwapAppPane.m */ = {isa = PBXFileReference; fileEncoding = 4; lastKnownFileType = sourcecode.c.objc; path = ILSwapAppPane.m; sourceTree = "<group>"; };
		15923E8E10F1FCAC0011B29A /* ILSwapAppPane.xib */ = {isa = PBXFileReference; lastKnownFileType = file.xib; path = ILSwapAppPane.xib; sourceTree = "<group>"; };
		15923F1710F204960011B29A /* Icon.png */ = {isa = PBXFileReference; lastKnownFileType = image.png; path = Icon.png; sourceTree = "<group>"; };
		1D30AB110D05D00D00671497 /* Foundation.framework */ = {isa = PBXFileReference; lastKnownFileType = wrapper.framework; name = Foundation.framework; path = System/Library/Frameworks/Foundation.framework; sourceTree = SDKROOT; };
		1D3623240D0F684500981E51 /* ILSwapCatalogAppDelegate.h */ = {isa = PBXFileReference; fileEncoding = 4; lastKnownFileType = sourcecode.c.h; path = ILSwapCatalogAppDelegate.h; sourceTree = "<group>"; };
		1D3623250D0F684500981E51 /* ILSwapCatalogAppDelegate.m */ = {isa = PBXFileReference; fileEncoding = 4; lastKnownFileType = sourcecode.c.objc; path = ILSwapCatalogAppDelegate.m; sourceTree = "<group>"; };
		1D6058910D05DD3D006BFB54 /* Catalog.app */ = {isa = PBXFileReference; explicitFileType = wrapper.application; includeInIndex = 0; path = Catalog.app; sourceTree = BUILT_PRODUCTS_DIR; };
		1DF5F4DF0D08C38300B7A737 /* UIKit.framework */ = {isa = PBXFileReference; lastKnownFileType = wrapper.framework; name = UIKit.framework; path = System/Library/Frameworks/UIKit.framework; sourceTree = SDKROOT; };
		2892E40F0DC94CBA00A64D0F /* CoreGraphics.framework */ = {isa = PBXFileReference; lastKnownFileType = wrapper.framework; name = CoreGraphics.framework; path = System/Library/Frameworks/CoreGraphics.framework; sourceTree = SDKROOT; };
		28AD735F0D9D9599002E5188 /* MainWindow.xib */ = {isa = PBXFileReference; lastKnownFileType = file.xib; path = MainWindow.xib; sourceTree = "<group>"; };
		28C286DF0D94DF7D0034E888 /* ILSwapCatalogPane.h */ = {isa = PBXFileReference; fileEncoding = 4; lastKnownFileType = sourcecode.c.h; path = ILSwapCatalogPane.h; sourceTree = "<group>"; };
		28C286E00D94DF7D0034E888 /* ILSwapCatalogPane.m */ = {isa = PBXFileReference; fileEncoding = 4; lastKnownFileType = sourcecode.c.objc; path = ILSwapCatalogPane.m; sourceTree = "<group>"; };
		28F335F01007B36200424DE2 /* ILSwapCatalogPane.xib */ = {isa = PBXFileReference; lastKnownFileType = file.xib; path = ILSwapCatalogPane.xib; sourceTree = "<group>"; };
		29B97316FDCFA39411CA2CEA /* main.m */ = {isa = PBXFileReference; fileEncoding = 4; lastKnownFileType = sourcecode.c.objc; path = main.m; sourceTree = "<group>"; };
		8D1107310486CEB800E47090 /* Catalog-Info.plist */ = {isa = PBXFileReference; fileEncoding = 4; lastKnownFileType = text.plist.xml; path = "Catalog-Info.plist"; plistStructureDefinitionIdentifier = "com.apple.xcode.plist.structure-definition.iphone.info-plist"; sourceTree = "<group>"; };
/* End PBXFileReference section */

/* Begin PBXFrameworksBuildPhase section */
		1541E2F41115735B00936240 /* Frameworks */ = {
			isa = PBXFrameworksBuildPhase;
			buildActionMask = 2147483647;
			files = (
				1541E2F51115735B00936240 /* libSwapKit.a in Frameworks */,
				1541E2F61115735B00936240 /* Foundation.framework in Frameworks */,
				1541E2F71115735B00936240 /* UIKit.framework in Frameworks */,
				1541E2F81115735B00936240 /* CoreGraphics.framework in Frameworks */,
				1541E2F91115735B00936240 /* MobileCoreServices.framework in Frameworks */,
			);
			runOnlyForDeploymentPostprocessing = 0;
		};
		1D60588F0D05DD3D006BFB54 /* Frameworks */ = {
			isa = PBXFrameworksBuildPhase;
			buildActionMask = 2147483647;
			files = (
				15923E2C10F1F63C0011B29A /* libSwapKit.a in Frameworks */,
				1D60589F0D05DD5A006BFB54 /* Foundation.framework in Frameworks */,
				1DF5F4E00D08C38300B7A737 /* UIKit.framework in Frameworks */,
				2892E4100DC94CBA00A64D0F /* CoreGraphics.framework in Frameworks */,
				15923E2710F1F62A0011B29A /* MobileCoreServices.framework in Frameworks */,
			);
			runOnlyForDeploymentPostprocessing = 0;
		};
/* End PBXFrameworksBuildPhase section */

/* Begin PBXGroup section */
		080E96DDFE201D6D7F000001 /* Classes */ = {
			isa = PBXGroup;
			children = (
				1541E3351115780C00936240 /* ILAutorotatingViewController.h */,
				1541E3361115780C00936240 /* ILAutorotatingViewController.m */,
				15923E8810F1FC6D0011B29A /* ILSwapAppPane.h */,
				15923E8910F1FC6D0011B29A /* ILSwapAppPane.m */,
				157417EA10F68636006C1DC2 /* ILSwapSendText.h */,
				157417EB10F68636006C1DC2 /* ILSwapSendText.m */,
				1541E5F811159DE500936240 /* ILSwapSendImage.h */,
				1541E5F911159DE500936240 /* ILSwapSendImage.m */,
				28C286DF0D94DF7D0034E888 /* ILSwapCatalogPane.h */,
				28C286E00D94DF7D0034E888 /* ILSwapCatalogPane.m */,
				1D3623240D0F684500981E51 /* ILSwapCatalogAppDelegate.h */,
				1D3623250D0F684500981E51 /* ILSwapCatalogAppDelegate.m */,
				1541E3191115754800936240 /* ILSwapCatalogAppDelegate_iPad.h */,
				1541E31A1115754800936240 /* ILSwapCatalogAppDelegate_iPad.m */,
				1541E5251115914A00936240 /* L0Keyboard.h */,
				1541E5261115914A00936240 /* L0Keyboard.m */,
			);
			path = Classes;
			sourceTree = "<group>";
		};
		1541E310111573B200936240 /* iPad */ = {
			isa = PBXGroup;
			children = (
				1541E51911158FE700936240 /* Catalog-Info.plist */,
				1541E311111573BD00936240 /* MainWindow.xib */,
			);
			path = iPad;
			sourceTree = "<group>";
		};
		15923E1C10F1F6230011B29A /* Products */ = {
			isa = PBXGroup;
			children = (
				15923E2510F1F6230011B29A /* libSwapKit.a */,
				1541E3041115735C00936240 /* SwapKit.bundle */,
			);
			name = Products;
			sourceTree = "<group>";
		};
		19C28FACFE9D520D11CA2CBB /* Products */ = {
			isa = PBXGroup;
			children = (
				1D6058910D05DD3D006BFB54 /* Catalog.app */,
				1541E2FD1115735B00936240 /* Catalog-iPad.app */,
			);
			name = Products;
			sourceTree = "<group>";
		};
		29B97314FDCFA39411CA2CEA /* CustomTemplate */ = {
			isa = PBXGroup;
			children = (
				15923E1B10F1F6230011B29A /* SwapKit.xcodeproj */,
				080E96DDFE201D6D7F000001 /* Classes */,
				29B97315FDCFA39411CA2CEA /* Other Sources */,
				29B97317FDCFA39411CA2CEA /* Resources */,
				29B97323FDCFA39411CA2CEA /* Frameworks */,
				19C28FACFE9D520D11CA2CBB /* Products */,
				15923E2610F1F62A0011B29A /* MobileCoreServices.framework */,
			);
			name = CustomTemplate;
			sourceTree = "<group>";
		};
		29B97315FDCFA39411CA2CEA /* Other Sources */ = {
			isa = PBXGroup;
			children = (
				29B97316FDCFA39411CA2CEA /* main.m */,
			);
			name = "Other Sources";
			sourceTree = "<group>";
		};
		29B97317FDCFA39411CA2CEA /* Resources */ = {
			isa = PBXGroup;
			children = (
				1541E310111573B200936240 /* iPad */,
				15923F1710F204960011B29A /* Icon.png */,
				157417EF10F68652006C1DC2 /* ILSwapSendText.xib */,
				28F335F01007B36200424DE2 /* ILSwapCatalogPane.xib */,
				15923E8E10F1FCAC0011B29A /* ILSwapAppPane.xib */,
				28AD735F0D9D9599002E5188 /* MainWindow.xib */,
				8D1107310486CEB800E47090 /* Catalog-Info.plist */,
			);
			name = Resources;
			sourceTree = "<group>";
		};
		29B97323FDCFA39411CA2CEA /* Frameworks */ = {
			isa = PBXGroup;
			children = (
				1DF5F4DF0D08C38300B7A737 /* UIKit.framework */,
				1D30AB110D05D00D00671497 /* Foundation.framework */,
				2892E40F0DC94CBA00A64D0F /* CoreGraphics.framework */,
			);
			name = Frameworks;
			sourceTree = "<group>";
		};
/* End PBXGroup section */

/* Begin PBXNativeTarget section */
		1541E2E51115735B00936240 /* Catalog-iPad */ = {
			isa = PBXNativeTarget;
			buildConfigurationList = 1541E2FA1115735B00936240 /* Build configuration list for PBXNativeTarget "Catalog-iPad" */;
			buildPhases = (
				1541E2E81115735B00936240 /* Resources */,
				1541E2EE1115735B00936240 /* Sources */,
				1541E2F41115735B00936240 /* Frameworks */,
			);
			buildRules = (
			);
			dependencies = (
				1541E2E61115735B00936240 /* PBXTargetDependency */,
			);
			name = "Catalog-iPad";
			productName = Catalog;
			productReference = 1541E2FD1115735B00936240 /* Catalog-iPad.app */;
			productType = "com.apple.product-type.application";
		};
		1D6058900D05DD3D006BFB54 /* Catalog */ = {
			isa = PBXNativeTarget;
			buildConfigurationList = 1D6058960D05DD3E006BFB54 /* Build configuration list for PBXNativeTarget "Catalog" */;
			buildPhases = (
				1D60588D0D05DD3D006BFB54 /* Resources */,
				1D60588E0D05DD3D006BFB54 /* Sources */,
				1D60588F0D05DD3D006BFB54 /* Frameworks */,
			);
			buildRules = (
			);
			dependencies = (
				15923E2B10F1F6340011B29A /* PBXTargetDependency */,
			);
			name = Catalog;
			productName = Catalog;
			productReference = 1D6058910D05DD3D006BFB54 /* Catalog.app */;
			productType = "com.apple.product-type.application";
		};
/* End PBXNativeTarget section */

/* Begin PBXProject section */
		29B97313FDCFA39411CA2CEA /* Project object */ = {
			isa = PBXProject;
			buildConfigurationList = C01FCF4E08A954540054247B /* Build configuration list for PBXProject "Catalog" */;
			compatibilityVersion = "Xcode 3.1";
			hasScannedForEncodings = 1;
			knownRegions = (
				English,
				Japanese,
				French,
				German,
				en,
			);
			mainGroup = 29B97314FDCFA39411CA2CEA /* CustomTemplate */;
			projectDirPath = "";
			projectReferences = (
				{
					ProductGroup = 15923E1C10F1F6230011B29A /* Products */;
					ProjectRef = 15923E1B10F1F6230011B29A /* SwapKit.xcodeproj */;
				},
			);
			projectRoot = "";
			targets = (
				1D6058900D05DD3D006BFB54 /* Catalog */,
				1541E2E51115735B00936240 /* Catalog-iPad */,
			);
		};
/* End PBXProject section */

/* Begin PBXReferenceProxy section */
		1541E3041115735C00936240 /* SwapKit.bundle */ = {
			isa = PBXReferenceProxy;
			fileType = wrapper.cfbundle;
			path = SwapKit.bundle;
			remoteRef = 1541E3031115735C00936240 /* PBXContainerItemProxy */;
			sourceTree = BUILT_PRODUCTS_DIR;
		};
		15923E2510F1F6230011B29A /* libSwapKit.a */ = {
			isa = PBXReferenceProxy;
			fileType = archive.ar;
			path = libSwapKit.a;
			remoteRef = 15923E2410F1F6230011B29A /* PBXContainerItemProxy */;
			sourceTree = BUILT_PRODUCTS_DIR;
		};
/* End PBXReferenceProxy section */

/* Begin PBXResourcesBuildPhase section */
		1541E2E81115735B00936240 /* Resources */ = {
			isa = PBXResourcesBuildPhase;
			buildActionMask = 2147483647;
			files = (
				1541E2EC1115735B00936240 /* Icon.png in Resources */,
				1541E312111573BD00936240 /* MainWindow.xib in Resources */,
				1541E321111575DB00936240 /* ILSwapCatalogPane.xib in Resources */,
				1541E322111575DD00936240 /* ILSwapAppPane.xib in Resources */,
				1541E323111575DF00936240 /* ILSwapSendText.xib in Resources */,
			);
			runOnlyForDeploymentPostprocessing = 0;
		};
		1D60588D0D05DD3D006BFB54 /* Resources */ = {
			isa = PBXResourcesBuildPhase;
			buildActionMask = 2147483647;
			files = (
				28AD73600D9D9599002E5188 /* MainWindow.xib in Resources */,
				28F335F11007B36200424DE2 /* ILSwapCatalogPane.xib in Resources */,
				15923E8F10F1FCAC0011B29A /* ILSwapAppPane.xib in Resources */,
				15923F1810F204960011B29A /* Icon.png in Resources */,
				157417F010F68652006C1DC2 /* ILSwapSendText.xib in Resources */,
			);
			runOnlyForDeploymentPostprocessing = 0;
		};
/* End PBXResourcesBuildPhase section */

/* Begin PBXSourcesBuildPhase section */
		1541E2EE1115735B00936240 /* Sources */ = {
			isa = PBXSourcesBuildPhase;
			buildActionMask = 2147483647;
			files = (
				1541E2EF1115735B00936240 /* main.m in Sources */,
				1541E2F01115735B00936240 /* ILSwapCatalogAppDelegate.m in Sources */,
				1541E2F11115735B00936240 /* ILSwapCatalogPane.m in Sources */,
				1541E2F21115735B00936240 /* ILSwapAppPane.m in Sources */,
				1541E2F31115735B00936240 /* ILSwapSendText.m in Sources */,
				1541E31B1115754800936240 /* ILSwapCatalogAppDelegate_iPad.m in Sources */,
				1541E3371115780C00936240 /* ILAutorotatingViewController.m in Sources */,
				1541E5271115914A00936240 /* L0Keyboard.m in Sources */,
				1541E5FB11159DE500936240 /* ILSwapSendImage.m in Sources */,
			);
			runOnlyForDeploymentPostprocessing = 0;
		};
		1D60588E0D05DD3D006BFB54 /* Sources */ = {
			isa = PBXSourcesBuildPhase;
			buildActionMask = 2147483647;
			files = (
				1D60589B0D05DD56006BFB54 /* main.m in Sources */,
				1D3623260D0F684500981E51 /* ILSwapCatalogAppDelegate.m in Sources */,
				28C286E10D94DF7D0034E888 /* ILSwapCatalogPane.m in Sources */,
				15923E8B10F1FC6D0011B29A /* ILSwapAppPane.m in Sources */,
				157417ED10F68636006C1DC2 /* ILSwapSendText.m in Sources */,
				1541E5281115914A00936240 /* L0Keyboard.m in Sources */,
				1541E5FA11159DE500936240 /* ILSwapSendImage.m in Sources */,
			);
			runOnlyForDeploymentPostprocessing = 0;
		};
/* End PBXSourcesBuildPhase section */

/* Begin PBXTargetDependency section */
		1541E2E61115735B00936240 /* PBXTargetDependency */ = {
			isa = PBXTargetDependency;
			name = "SwapKit (Source)";
			targetProxy = 1541E2E71115735B00936240 /* PBXContainerItemProxy */;
		};
		15923E2B10F1F6340011B29A /* PBXTargetDependency */ = {
			isa = PBXTargetDependency;
			name = "SwapKit (Source)";
			targetProxy = 15923E2A10F1F6340011B29A /* PBXContainerItemProxy */;
		};
/* End PBXTargetDependency section */

/* Begin XCBuildConfiguration section */
		1541E2FB1115735B00936240 /* Debug */ = {
			isa = XCBuildConfiguration;
			buildSettings = {
				ALWAYS_SEARCH_USER_PATHS = NO;
				COPY_PHASE_STRIP = NO;
				GCC_DYNAMIC_NO_PIC = NO;
				GCC_OPTIMIZATION_LEVEL = 0;
				GCC_PRECOMPILE_PREFIX_HEADER = YES;
				GCC_PREFIX_HEADER = "$(SRCROOT)/../Tools/Common/iPhone/UIKit.pch";
				GCC_PREPROCESSOR_DEFINITIONS = "kILSwapCatalogPlatform_iPad=1";
				HEADER_SEARCH_PATHS = "$(SRCROOT)/../build/Headers";
				INFOPLIST_FILE = "iPad/Catalog-Info.plist";
				OTHER_LDFLAGS = (
					"-ObjC",
					"-all_load",
				);
				PRODUCT_NAME = "Catalog-iPad";
				SDKROOT = iphoneos3.2;
				TARGETED_DEVICE_FAMILY = 2;
			};
			name = Debug;
		};
		1541E2FC1115735B00936240 /* Release */ = {
			isa = XCBuildConfiguration;
			buildSettings = {
				ALWAYS_SEARCH_USER_PATHS = NO;
				COPY_PHASE_STRIP = YES;
				GCC_PRECOMPILE_PREFIX_HEADER = YES;
				GCC_PREFIX_HEADER = "$(SRCROOT)/../Tools/Common/iPhone/UIKit.pch";
				GCC_PREPROCESSOR_DEFINITIONS = "kILSwapCatalogPlatform_iPad=1";
				HEADER_SEARCH_PATHS = "$(SRCROOT)/../build/Headers";
				INFOPLIST_FILE = "iPad/Catalog-Info.plist";
				OTHER_LDFLAGS = (
					"-ObjC",
					"-all_load",
				);
				PRODUCT_NAME = "Catalog-iPad";
				SDKROOT = iphoneos3.2;
				TARGETED_DEVICE_FAMILY = 2;
			};
			name = Release;
		};
		1D6058940D05DD3E006BFB54 /* Debug */ = {
			isa = XCBuildConfiguration;
			buildSettings = {
				ALWAYS_SEARCH_USER_PATHS = NO;
				COPY_PHASE_STRIP = NO;
				GCC_DYNAMIC_NO_PIC = NO;
				GCC_OPTIMIZATION_LEVEL = 0;
				GCC_PRECOMPILE_PREFIX_HEADER = YES;
				GCC_PREFIX_HEADER = "$(SRCROOT)/../Tools/Common/iPhone/UIKit.pch";
				GCC_PREPROCESSOR_DEFINITIONS = "kILSwapCatalogPlatform_iPhone=1";
				HEADER_SEARCH_PATHS = "$(SRCROOT)/../build/Headers";
				INFOPLIST_FILE = "Catalog-Info.plist";
				OTHER_LDFLAGS = (
					"-ObjC",
					"-all_load",
				);
				PRODUCT_NAME = Catalog;
				TARGETED_DEVICE_FAMILY = 1;
			};
			name = Debug;
		};
		1D6058950D05DD3E006BFB54 /* Release */ = {
			isa = XCBuildConfiguration;
			buildSettings = {
				ALWAYS_SEARCH_USER_PATHS = NO;
				COPY_PHASE_STRIP = YES;
				GCC_PRECOMPILE_PREFIX_HEADER = YES;
				GCC_PREFIX_HEADER = "$(SRCROOT)/../Tools/Common/iPhone/UIKit.pch";
				GCC_PREPROCESSOR_DEFINITIONS = "kILSwapCatalogPlatform_iPhone=1";
				HEADER_SEARCH_PATHS = "$(SRCROOT)/../build/Headers";
				INFOPLIST_FILE = "Catalog-Info.plist";
				OTHER_LDFLAGS = (
					"-ObjC",
					"-all_load",
				);
				PRODUCT_NAME = Catalog;
				TARGETED_DEVICE_FAMILY = 1;
			};
			name = Release;
		};
		C01FCF4F08A954540054247B /* Debug */ = {
			isa = XCBuildConfiguration;
			buildSettings = {
				ARCHS = "$(ARCHS_STANDARD_32_BIT)";
				"CODE_SIGN_IDENTITY[sdk=iphoneos*]" = "iPhone Developer";
				GCC_C_LANGUAGE_STANDARD = c99;
				GCC_WARN_ABOUT_RETURN_TYPE = YES;
				GCC_WARN_UNUSED_VARIABLE = YES;
				PREBINDING = NO;
				SDKROOT = iphoneos3.1.2;
			};
			name = Debug;
		};
		C01FCF5008A954540054247B /* Release */ = {
			isa = XCBuildConfiguration;
			buildSettings = {
				ARCHS = "$(ARCHS_STANDARD_32_BIT)";
				"CODE_SIGN_IDENTITY[sdk=iphoneos*]" = "iPhone Developer";
				GCC_C_LANGUAGE_STANDARD = c99;
				GCC_WARN_ABOUT_RETURN_TYPE = YES;
				GCC_WARN_UNUSED_VARIABLE = YES;
				PREBINDING = NO;
				SDKROOT = iphoneos3.1.2;
			};
			name = Release;
		};
/* End XCBuildConfiguration section */

/* Begin XCConfigurationList section */
		1541E2FA1115735B00936240 /* Build configuration list for PBXNativeTarget "Catalog-iPad" */ = {
			isa = XCConfigurationList;
			buildConfigurations = (
				1541E2FB1115735B00936240 /* Debug */,
				1541E2FC1115735B00936240 /* Release */,
			);
			defaultConfigurationIsVisible = 0;
			defaultConfigurationName = Release;
		};
		1D6058960D05DD3E006BFB54 /* Build configuration list for PBXNativeTarget "Catalog" */ = {
			isa = XCConfigurationList;
			buildConfigurations = (
				1D6058940D05DD3E006BFB54 /* Debug */,
				1D6058950D05DD3E006BFB54 /* Release */,
			);
			defaultConfigurationIsVisible = 0;
			defaultConfigurationName = Release;
		};
		C01FCF4E08A954540054247B /* Build configuration list for PBXProject "Catalog" */ = {
			isa = XCConfigurationList;
			buildConfigurations = (
				C01FCF4F08A954540054247B /* Debug */,
				C01FCF5008A954540054247B /* Release */,
			);
			defaultConfigurationIsVisible = 0;
			defaultConfigurationName = Release;
		};
/* End XCConfigurationList section */
	};
	rootObject = 29B97313FDCFA39411CA2CEA /* Project object */;
}
