// !$*UTF8*$!
{
	archiveVersion = 1;
	classes = {
	};
	objectVersion = 45;
	objects = {

/* Begin PBXAggregateTarget section */
		15EAA0E610E690F100B7321A /* SwapKit (Source) */ = {
			isa = PBXAggregateTarget;
			buildConfigurationList = 15EAA0F910E6910500B7321A /* Build configuration list for PBXAggregateTarget "SwapKit (Source)" */;
			buildPhases = (
				15EAA0E510E690F100B7321A /* CopyFiles */,
			);
			dependencies = (
				15EAA0EA10E690F600B7321A /* PBXTargetDependency */,
			);
			name = "SwapKit (Source)";
			productName = "SwapKit (Source)";
		};
/* End PBXAggregateTarget section */

/* Begin PBXBuildFile section */
		1546D79410ECC8DE00DDDFE2 /* ILSwapKitGuards.h in Headers */ = {isa = PBXBuildFile; fileRef = 1546D79210ECC8DE00DDDFE2 /* ILSwapKitGuards.h */; };
		1546D79510ECC8DE00DDDFE2 /* ILSwapKitGuards.m in Sources */ = {isa = PBXBuildFile; fileRef = 1546D79310ECC8DE00DDDFE2 /* ILSwapKitGuards.m */; };
		157B24CB10E518A3001DE5CC /* ILSwapCommonActions.h in Headers */ = {isa = PBXBuildFile; fileRef = 157B24C910E518A3001DE5CC /* ILSwapCommonActions.h */; };
		157B24CC10E518A3001DE5CC /* ILSwapCommonActions.m in Sources */ = {isa = PBXBuildFile; fileRef = 157B24CA10E518A3001DE5CC /* ILSwapCommonActions.m */; };
		157B24CF10E51B3C001DE5CC /* ILSwapSendingController.h in Headers */ = {isa = PBXBuildFile; fileRef = 157B24CD10E51B3C001DE5CC /* ILSwapSendingController.h */; };
		157B24D010E51B3C001DE5CC /* ILSwapSendingController.m in Sources */ = {isa = PBXBuildFile; fileRef = 157B24CE10E51B3C001DE5CC /* ILSwapSendingController.m */; };
		15A75AA510E601800028C0EE /* ILSwapCommonActions.h in Headers */ = {isa = PBXBuildFile; fileRef = 157B24C910E518A3001DE5CC /* ILSwapCommonActions.h */; settings = {ATTRIBUTES = (Public, ); }; };
		15A75AA610E601800028C0EE /* ILSwapSendingController.h in Headers */ = {isa = PBXBuildFile; fileRef = 157B24CD10E51B3C001DE5CC /* ILSwapSendingController.h */; settings = {ATTRIBUTES = (Public, ); }; };
		15A75AA710E601800028C0EE /* ILSwapService.h in Headers */ = {isa = PBXBuildFile; fileRef = 15F4E0E410DFD02F00C17BF0 /* ILSwapService.h */; settings = {ATTRIBUTES = (Public, ); }; };
		15A75AA810E601800028C0EE /* SwapKit.h in Headers */ = {isa = PBXBuildFile; fileRef = 15F4E14810E0052100C17BF0 /* SwapKit.h */; settings = {ATTRIBUTES = (Public, ); }; };
		15EAA0EF10E6910300B7321A /* ILSwapCommonActions.h in CopyFiles */ = {isa = PBXBuildFile; fileRef = 157B24C910E518A3001DE5CC /* ILSwapCommonActions.h */; };
		15EAA0F010E6910300B7321A /* ILSwapSendingController.h in CopyFiles */ = {isa = PBXBuildFile; fileRef = 157B24CD10E51B3C001DE5CC /* ILSwapSendingController.h */; };
		15EAA0F110E6910300B7321A /* ILSwapService.h in CopyFiles */ = {isa = PBXBuildFile; fileRef = 15F4E0E410DFD02F00C17BF0 /* ILSwapService.h */; };
		15EAA0F210E6910300B7321A /* SwapKit.h in CopyFiles */ = {isa = PBXBuildFile; fileRef = 15F4E14810E0052100C17BF0 /* SwapKit.h */; };
		15F4E0E610DFD02F00C17BF0 /* ILSwapService.h in Headers */ = {isa = PBXBuildFile; fileRef = 15F4E0E410DFD02F00C17BF0 /* ILSwapService.h */; };
		15F4E0E710DFD02F00C17BF0 /* ILSwapService.m in Sources */ = {isa = PBXBuildFile; fileRef = 15F4E0E510DFD02F00C17BF0 /* ILSwapService.m */; };
		15F4E0EA10DFD16800C17BF0 /* L0UUID.h in Headers */ = {isa = PBXBuildFile; fileRef = 15F4E0E810DFD16800C17BF0 /* L0UUID.h */; };
		15F4E0EB10DFD16800C17BF0 /* L0UUID.m in Sources */ = {isa = PBXBuildFile; fileRef = 15F4E0E910DFD16800C17BF0 /* L0UUID.m */; };
		15F4E0EE10DFD19300C17BF0 /* NSURL+L0URLParsing.h in Headers */ = {isa = PBXBuildFile; fileRef = 15F4E0EC10DFD19300C17BF0 /* NSURL+L0URLParsing.h */; };
		15F4E0EF10DFD19300C17BF0 /* NSURL+L0URLParsing.m in Sources */ = {isa = PBXBuildFile; fileRef = 15F4E0ED10DFD19300C17BF0 /* NSURL+L0URLParsing.m */; };
		15F4E0F110DFD31B00C17BF0 /* MobileCoreServices.framework in Frameworks */ = {isa = PBXBuildFile; fileRef = 15F4E0F010DFD31B00C17BF0 /* MobileCoreServices.framework */; };
		15F4E14910E0052100C17BF0 /* SwapKit.h in Headers */ = {isa = PBXBuildFile; fileRef = 15F4E14810E0052100C17BF0 /* SwapKit.h */; };
		AACBBE4A0F95108600F1A2B1 /* Foundation.framework in Frameworks */ = {isa = PBXBuildFile; fileRef = AACBBE490F95108600F1A2B1 /* Foundation.framework */; };
/* End PBXBuildFile section */

/* Begin PBXContainerItemProxy section */
		15EAA0E910E690F600B7321A /* PBXContainerItemProxy */ = {
			isa = PBXContainerItemProxy;
			containerPortal = 0867D690FE84028FC02AAC07 /* Project object */;
			proxyType = 1;
			remoteGlobalIDString = D2AAC07D0554694100DB518D;
			remoteInfo = SwapKit;
		};
/* End PBXContainerItemProxy section */

/* Begin PBXCopyFilesBuildPhase section */
		15EAA0E510E690F100B7321A /* CopyFiles */ = {
			isa = PBXCopyFilesBuildPhase;
			buildActionMask = 2147483647;
			dstPath = "$(SYMROOT)/Headers/SwapKit";
			dstSubfolderSpec = 0;
			files = (
				15EAA0EF10E6910300B7321A /* ILSwapCommonActions.h in CopyFiles */,
				15EAA0F010E6910300B7321A /* ILSwapSendingController.h in CopyFiles */,
				15EAA0F110E6910300B7321A /* ILSwapService.h in CopyFiles */,
				15EAA0F210E6910300B7321A /* SwapKit.h in CopyFiles */,
			);
			runOnlyForDeploymentPostprocessing = 0;
		};
/* End PBXCopyFilesBuildPhase section */

/* Begin PBXFileReference section */
		1546D79210ECC8DE00DDDFE2 /* ILSwapKitGuards.h */ = {isa = PBXFileReference; fileEncoding = 4; lastKnownFileType = sourcecode.c.h; path = ILSwapKitGuards.h; sourceTree = "<group>"; };
		1546D79310ECC8DE00DDDFE2 /* ILSwapKitGuards.m */ = {isa = PBXFileReference; fileEncoding = 4; lastKnownFileType = sourcecode.c.objc; path = ILSwapKitGuards.m; sourceTree = "<group>"; };
		157B24C910E518A3001DE5CC /* ILSwapCommonActions.h */ = {isa = PBXFileReference; fileEncoding = 4; lastKnownFileType = sourcecode.c.h; path = ILSwapCommonActions.h; sourceTree = "<group>"; };
		157B24CA10E518A3001DE5CC /* ILSwapCommonActions.m */ = {isa = PBXFileReference; fileEncoding = 4; lastKnownFileType = sourcecode.c.objc; path = ILSwapCommonActions.m; sourceTree = "<group>"; };
		157B24CD10E51B3C001DE5CC /* ILSwapSendingController.h */ = {isa = PBXFileReference; fileEncoding = 4; lastKnownFileType = sourcecode.c.h; path = ILSwapSendingController.h; sourceTree = "<group>"; };
		157B24CE10E51B3C001DE5CC /* ILSwapSendingController.m */ = {isa = PBXFileReference; fileEncoding = 4; lastKnownFileType = sourcecode.c.objc; path = ILSwapSendingController.m; sourceTree = "<group>"; };
		15A75A8710E5FE9B0028C0EE /* TODO.tasks */ = {isa = PBXFileReference; fileEncoding = 4; lastKnownFileType = text; path = TODO.tasks; sourceTree = "<group>"; };
		15A75A9610E600940028C0EE /* SwapKit (Framework)-Info.plist */ = {isa = PBXFileReference; lastKnownFileType = text.plist.xml; path = "SwapKit (Framework)-Info.plist"; sourceTree = "<group>"; };
		15F4E0E410DFD02F00C17BF0 /* ILSwapService.h */ = {isa = PBXFileReference; fileEncoding = 4; lastKnownFileType = sourcecode.c.h; path = ILSwapService.h; sourceTree = "<group>"; };
		15F4E0E510DFD02F00C17BF0 /* ILSwapService.m */ = {isa = PBXFileReference; fileEncoding = 4; lastKnownFileType = sourcecode.c.objc; path = ILSwapService.m; sourceTree = "<group>"; };
		15F4E0E810DFD16800C17BF0 /* L0UUID.h */ = {isa = PBXFileReference; fileEncoding = 4; lastKnownFileType = sourcecode.c.h; path = L0UUID.h; sourceTree = "<group>"; };
		15F4E0E910DFD16800C17BF0 /* L0UUID.m */ = {isa = PBXFileReference; fileEncoding = 4; lastKnownFileType = sourcecode.c.objc; path = L0UUID.m; sourceTree = "<group>"; };
		15F4E0EC10DFD19300C17BF0 /* NSURL+L0URLParsing.h */ = {isa = PBXFileReference; fileEncoding = 4; lastKnownFileType = sourcecode.c.h; path = "NSURL+L0URLParsing.h"; sourceTree = "<group>"; };
		15F4E0ED10DFD19300C17BF0 /* NSURL+L0URLParsing.m */ = {isa = PBXFileReference; fileEncoding = 4; lastKnownFileType = sourcecode.c.objc; path = "NSURL+L0URLParsing.m"; sourceTree = "<group>"; };
		15F4E0F010DFD31B00C17BF0 /* MobileCoreServices.framework */ = {isa = PBXFileReference; lastKnownFileType = wrapper.framework; name = MobileCoreServices.framework; path = System/Library/Frameworks/MobileCoreServices.framework; sourceTree = SDKROOT; };
		15F4E14810E0052100C17BF0 /* SwapKit.h */ = {isa = PBXFileReference; fileEncoding = 4; lastKnownFileType = sourcecode.c.h; path = SwapKit.h; sourceTree = "<group>"; };
		AACBBE490F95108600F1A2B1 /* Foundation.framework */ = {isa = PBXFileReference; lastKnownFileType = wrapper.framework; name = Foundation.framework; path = System/Library/Frameworks/Foundation.framework; sourceTree = SDKROOT; };
		D2AAC07E0554694100DB518D /* libSwapKit.a */ = {isa = PBXFileReference; explicitFileType = archive.ar; includeInIndex = 0; path = libSwapKit.a; sourceTree = BUILT_PRODUCTS_DIR; };
/* End PBXFileReference section */

/* Begin PBXFrameworksBuildPhase section */
		15A75A9410E600940028C0EE /* Frameworks */ = {
			isa = PBXFrameworksBuildPhase;
			buildActionMask = 2147483647;
			files = (
			);
			runOnlyForDeploymentPostprocessing = 0;
		};
		D2AAC07C0554694100DB518D /* Frameworks */ = {
			isa = PBXFrameworksBuildPhase;
			buildActionMask = 2147483647;
			files = (
				AACBBE4A0F95108600F1A2B1 /* Foundation.framework in Frameworks */,
				15F4E0F110DFD31B00C17BF0 /* MobileCoreServices.framework in Frameworks */,
			);
			runOnlyForDeploymentPostprocessing = 0;
		};
/* End PBXFrameworksBuildPhase section */

/* Begin PBXGroup section */
		034768DFFF38A50411DB9C8B /* Products */ = {
			isa = PBXGroup;
			children = (
				D2AAC07E0554694100DB518D /* libSwapKit.a */,
			);
			name = Products;
			sourceTree = "<group>";
		};
		0867D691FE84028FC02AAC07 /* SwapKit */ = {
			isa = PBXGroup;
			children = (
				15A75A8710E5FE9B0028C0EE /* TODO.tasks */,
				08FB77AEFE84172EC02AAC07 /* Classes */,
				32C88DFF0371C24200C91783 /* Other Sources */,
				0867D69AFE84028FC02AAC07 /* Frameworks */,
				034768DFFF38A50411DB9C8B /* Products */,
			);
			name = SwapKit;
			sourceTree = "<group>";
		};
		0867D69AFE84028FC02AAC07 /* Frameworks */ = {
			isa = PBXGroup;
			children = (
				15F4E0F010DFD31B00C17BF0 /* MobileCoreServices.framework */,
				AACBBE490F95108600F1A2B1 /* Foundation.framework */,
			);
			name = Frameworks;
			sourceTree = "<group>";
		};
		08FB77AEFE84172EC02AAC07 /* Classes */ = {
			isa = PBXGroup;
			children = (
				15F4E14810E0052100C17BF0 /* SwapKit.h */,
				1546D79210ECC8DE00DDDFE2 /* ILSwapKitGuards.h */,
				1546D79310ECC8DE00DDDFE2 /* ILSwapKitGuards.m */,
				15F4E0E410DFD02F00C17BF0 /* ILSwapService.h */,
				15F4E0E510DFD02F00C17BF0 /* ILSwapService.m */,
				157B24CD10E51B3C001DE5CC /* ILSwapSendingController.h */,
				157B24CE10E51B3C001DE5CC /* ILSwapSendingController.m */,
				157B24C910E518A3001DE5CC /* ILSwapCommonActions.h */,
				157B24CA10E518A3001DE5CC /* ILSwapCommonActions.m */,
				15FAD3A810EA44950061A99D /* Internal use only. */,
			);
			name = Classes;
			sourceTree = "<group>";
		};
		15FAD3A810EA44950061A99D /* Internal use only. */ = {
			isa = PBXGroup;
			children = (
				15F4E0EC10DFD19300C17BF0 /* NSURL+L0URLParsing.h */,
				15F4E0ED10DFD19300C17BF0 /* NSURL+L0URLParsing.m */,
				15F4E0E810DFD16800C17BF0 /* L0UUID.h */,
				15F4E0E910DFD16800C17BF0 /* L0UUID.m */,
			);
			name = "Internal use only.";
			sourceTree = "<group>";
		};
		32C88DFF0371C24200C91783 /* Other Sources */ = {
			isa = PBXGroup;
			children = (
				15A75A9610E600940028C0EE /* SwapKit (Framework)-Info.plist */,
			);
			name = "Other Sources";
			sourceTree = "<group>";
		};
/* End PBXGroup section */

/* Begin PBXHeadersBuildPhase section */
		15A75A9110E600940028C0EE /* Headers */ = {
			isa = PBXHeadersBuildPhase;
			buildActionMask = 2147483647;
			files = (
				15A75AA510E601800028C0EE /* ILSwapCommonActions.h in Headers */,
				15A75AA610E601800028C0EE /* ILSwapSendingController.h in Headers */,
				15A75AA710E601800028C0EE /* ILSwapService.h in Headers */,
				15A75AA810E601800028C0EE /* SwapKit.h in Headers */,
			);
			runOnlyForDeploymentPostprocessing = 0;
		};
		D2AAC07A0554694100DB518D /* Headers */ = {
			isa = PBXHeadersBuildPhase;
			buildActionMask = 2147483647;
			files = (
				15F4E0E610DFD02F00C17BF0 /* ILSwapService.h in Headers */,
				15F4E0EA10DFD16800C17BF0 /* L0UUID.h in Headers */,
				15F4E0EE10DFD19300C17BF0 /* NSURL+L0URLParsing.h in Headers */,
				15F4E14910E0052100C17BF0 /* SwapKit.h in Headers */,
				157B24CB10E518A3001DE5CC /* ILSwapCommonActions.h in Headers */,
				157B24CF10E51B3C001DE5CC /* ILSwapSendingController.h in Headers */,
				1546D79410ECC8DE00DDDFE2 /* ILSwapKitGuards.h in Headers */,
			);
			runOnlyForDeploymentPostprocessing = 0;
		};
/* End PBXHeadersBuildPhase section */

/* Begin PBXNativeTarget section */
		15A75A9510E600940028C0EE /* SwapKit (Framework) */ = {
			isa = PBXNativeTarget;
			buildConfigurationList = 15A75A9910E600940028C0EE /* Build configuration list for PBXNativeTarget "SwapKit (Framework)" */;
			buildPhases = (
				15A75A9110E600940028C0EE /* Headers */,
				15A75A9210E600940028C0EE /* Resources */,
				15A75A9310E600940028C0EE /* Sources */,
				15A75A9410E600940028C0EE /* Frameworks */,
				15C20A1910E6032400B455F1 /* Build Framework Binary */,
			);
			buildRules = (
			);
			dependencies = (
			);
			name = "SwapKit (Framework)";
			productName = "SwapKit (Framework)";
			productType = "com.apple.product-type.framework";
		};
		D2AAC07D0554694100DB518D /* SwapKit */ = {
			isa = PBXNativeTarget;
			buildConfigurationList = 1DEB921E08733DC00010E9CD /* Build configuration list for PBXNativeTarget "SwapKit" */;
			buildPhases = (
				D2AAC07A0554694100DB518D /* Headers */,
				D2AAC07B0554694100DB518D /* Sources */,
				D2AAC07C0554694100DB518D /* Frameworks */,
			);
			buildRules = (
			);
			dependencies = (
			);
			name = SwapKit;
			productName = SwapKit;
			productReference = D2AAC07E0554694100DB518D /* libSwapKit.a */;
			productType = "com.apple.product-type.library.static";
		};
/* End PBXNativeTarget section */

/* Begin PBXProject section */
		0867D690FE84028FC02AAC07 /* Project object */ = {
			isa = PBXProject;
			attributes = {
				ORGANIZATIONNAME = "Emanuele Vulcano (Infinite Labs)";
			};
			buildConfigurationList = 1DEB922208733DC00010E9CD /* Build configuration list for PBXProject "SwapKit" */;
			compatibilityVersion = "Xcode 3.1";
			hasScannedForEncodings = 1;
			mainGroup = 0867D691FE84028FC02AAC07 /* SwapKit */;
			productRefGroup = 034768DFFF38A50411DB9C8B /* Products */;
			projectDirPath = "";
			projectRoot = "";
			targets = (
				D2AAC07D0554694100DB518D /* SwapKit */,
				15A75A9510E600940028C0EE /* SwapKit (Framework) */,
				15EAA0E610E690F100B7321A /* SwapKit (Source) */,
			);
		};
/* End PBXProject section */

/* Begin PBXResourcesBuildPhase section */
		15A75A9210E600940028C0EE /* Resources */ = {
			isa = PBXResourcesBuildPhase;
			buildActionMask = 2147483647;
			files = (
			);
			runOnlyForDeploymentPostprocessing = 0;
		};
/* End PBXResourcesBuildPhase section */

/* Begin PBXShellScriptBuildPhase section */
		15C20A1910E6032400B455F1 /* Build Framework Binary */ = {
			isa = PBXShellScriptBuildPhase;
			buildActionMask = 2147483647;
			files = (
			);
			inputPaths = (
			);
			name = "Build Framework Binary";
			outputPaths = (
			);
			runOnlyForDeploymentPostprocessing = 0;
			shellPath = /bin/sh;
			shellScript = "cd \"$BUILT_PRODUCTS_DIR\" || exit 1\n\nif [ -f \"$CONTENTS_FOLDER_PATH\"/SwapKit ]; then\n\trm \"$CONTENTS_FOLDER_PATH\"/SwapKit || exit 1\nfi\n\nlipo ../Debug-iphoneos/libSwapKit.a ../Debug-iphonesimulator/libSwapKit.a -create -output \"$CONTENTS_FOLDER_PATH\"/SwapKit\n\nif [ ! -f \"$CONTENTS_FOLDER_PATH\"/SwapKit ]; then\n\texit 1\nfi\n\nif [ ! -L \"$WRAPPER_NAME\"/SwapKit ]; then\n\tcd \"$WRAPPER_NAME\"\n\tln -s Versions/Current/SwapKit SwapKit || exit 1\nfi\n";
			showEnvVarsInLog = 0;
		};
/* End PBXShellScriptBuildPhase section */

/* Begin PBXSourcesBuildPhase section */
		15A75A9310E600940028C0EE /* Sources */ = {
			isa = PBXSourcesBuildPhase;
			buildActionMask = 2147483647;
			files = (
			);
			runOnlyForDeploymentPostprocessing = 0;
		};
		D2AAC07B0554694100DB518D /* Sources */ = {
			isa = PBXSourcesBuildPhase;
			buildActionMask = 2147483647;
			files = (
				15F4E0E710DFD02F00C17BF0 /* ILSwapService.m in Sources */,
				15F4E0EB10DFD16800C17BF0 /* L0UUID.m in Sources */,
				15F4E0EF10DFD19300C17BF0 /* NSURL+L0URLParsing.m in Sources */,
				157B24CC10E518A3001DE5CC /* ILSwapCommonActions.m in Sources */,
				157B24D010E51B3C001DE5CC /* ILSwapSendingController.m in Sources */,
				1546D79510ECC8DE00DDDFE2 /* ILSwapKitGuards.m in Sources */,
			);
			runOnlyForDeploymentPostprocessing = 0;
		};
/* End PBXSourcesBuildPhase section */

/* Begin PBXTargetDependency section */
		15EAA0EA10E690F600B7321A /* PBXTargetDependency */ = {
			isa = PBXTargetDependency;
			target = D2AAC07D0554694100DB518D /* SwapKit */;
			targetProxy = 15EAA0E910E690F600B7321A /* PBXContainerItemProxy */;
		};
/* End PBXTargetDependency section */

/* Begin XCBuildConfiguration section */
		15A75A9710E600940028C0EE /* Debug */ = {
			isa = XCBuildConfiguration;
			buildSettings = {
				ALWAYS_SEARCH_USER_PATHS = NO;
				COPY_PHASE_STRIP = NO;
				DYLIB_COMPATIBILITY_VERSION = 1;
				DYLIB_CURRENT_VERSION = 1;
				FRAMEWORK_VERSION = A;
				GCC_DYNAMIC_NO_PIC = NO;
				GCC_ENABLE_FIX_AND_CONTINUE = YES;
				GCC_MODEL_TUNING = G5;
				GCC_OPTIMIZATION_LEVEL = 0;
				INFOPLIST_FILE = "SwapKit (Framework)-Info.plist";
				INSTALL_PATH = "$(HOME)/Library/Frameworks";
				OTHER_LDFLAGS = (
					"-framework",
					Foundation,
					"-framework",
					AppKit,
				);
				PREBINDING = NO;
				PRODUCT_NAME = SwapKit;
				SDKROOT = "";
			};
			name = Debug;
		};
		15A75A9810E600940028C0EE /* Release */ = {
			isa = XCBuildConfiguration;
			buildSettings = {
				ALWAYS_SEARCH_USER_PATHS = NO;
				COPY_PHASE_STRIP = YES;
				DEBUG_INFORMATION_FORMAT = "dwarf-with-dsym";
				DYLIB_COMPATIBILITY_VERSION = 1;
				DYLIB_CURRENT_VERSION = 1;
				FRAMEWORK_VERSION = A;
				GCC_ENABLE_FIX_AND_CONTINUE = NO;
				GCC_MODEL_TUNING = G5;
				INFOPLIST_FILE = "SwapKit (Framework)-Info.plist";
				INSTALL_PATH = "$(HOME)/Library/Frameworks";
				OTHER_LDFLAGS = (
					"-framework",
					Foundation,
					"-framework",
					AppKit,
				);
				PREBINDING = NO;
				PRODUCT_NAME = SwapKit;
				SDKROOT = "";
				ZERO_LINK = NO;
			};
			name = Release;
		};
		15EAA0E710E690F100B7321A /* Debug */ = {
			isa = XCBuildConfiguration;
			buildSettings = {
				COPY_PHASE_STRIP = NO;
				GCC_DYNAMIC_NO_PIC = NO;
				GCC_OPTIMIZATION_LEVEL = 0;
				PRODUCT_NAME = "SwapKit (Source)";
			};
			name = Debug;
		};
		15EAA0E810E690F100B7321A /* Release */ = {
			isa = XCBuildConfiguration;
			buildSettings = {
				COPY_PHASE_STRIP = YES;
				DEBUG_INFORMATION_FORMAT = "dwarf-with-dsym";
				GCC_ENABLE_FIX_AND_CONTINUE = NO;
				PRODUCT_NAME = "SwapKit (Source)";
				ZERO_LINK = NO;
			};
			name = Release;
		};
		1DEB921F08733DC00010E9CD /* Debug */ = {
			isa = XCBuildConfiguration;
			buildSettings = {
				ALWAYS_SEARCH_USER_PATHS = NO;
				ARCHS = "$(ARCHS_STANDARD_32_BIT)";
				COPY_PHASE_STRIP = NO;
				DSTROOT = /tmp/SwapKit.dst;
				GCC_DYNAMIC_NO_PIC = NO;
				GCC_ENABLE_FIX_AND_CONTINUE = YES;
				GCC_MODEL_TUNING = G5;
				GCC_OPTIMIZATION_LEVEL = 0;
				GCC_PRECOMPILE_PREFIX_HEADER = YES;
				GCC_PREFIX_HEADER = "$(SRCROOT)/Tools/Common/iPhone/UIKit.pch";
				GCC_PREPROCESSOR_DEFINITIONS = "DEBUG=1";
				INSTALL_PATH = /usr/local/lib;
				PRODUCT_NAME = SwapKit;
			};
			name = Debug;
		};
		1DEB922008733DC00010E9CD /* Release */ = {
			isa = XCBuildConfiguration;
			buildSettings = {
				ALWAYS_SEARCH_USER_PATHS = NO;
				ARCHS = "$(ARCHS_STANDARD_32_BIT)";
				DSTROOT = /tmp/SwapKit.dst;
				GCC_MODEL_TUNING = G5;
				GCC_PRECOMPILE_PREFIX_HEADER = YES;
				GCC_PREFIX_HEADER = "$(SRCROOT)/Tools/Common/iPhone/UIKit.pch";
				INSTALL_PATH = /usr/local/lib;
				PRODUCT_NAME = SwapKit;
			};
			name = Release;
		};
		1DEB922308733DC00010E9CD /* Debug */ = {
			isa = XCBuildConfiguration;
			buildSettings = {
				ARCHS = "$(ARCHS_STANDARD_32_BIT)";
				GCC_C_LANGUAGE_STANDARD = c99;
				GCC_OPTIMIZATION_LEVEL = 0;
				GCC_WARN_ABOUT_RETURN_TYPE = YES;
				GCC_WARN_UNUSED_VARIABLE = YES;
				OTHER_LDFLAGS = "-ObjC";
				PREBINDING = NO;
				SDKROOT = iphoneos3.1.2;
			};
			name = Debug;
		};
		1DEB922408733DC00010E9CD /* Release */ = {
			isa = XCBuildConfiguration;
			buildSettings = {
				ARCHS = "$(ARCHS_STANDARD_32_BIT)";
				GCC_C_LANGUAGE_STANDARD = c99;
				GCC_WARN_ABOUT_RETURN_TYPE = YES;
				GCC_WARN_UNUSED_VARIABLE = YES;
				OTHER_LDFLAGS = "-ObjC";
				PREBINDING = NO;
				SDKROOT = iphoneos3.1.2;
			};
			name = Release;
		};
/* End XCBuildConfiguration section */

/* Begin XCConfigurationList section */
		15A75A9910E600940028C0EE /* Build configuration list for PBXNativeTarget "SwapKit (Framework)" */ = {
			isa = XCConfigurationList;
			buildConfigurations = (
				15A75A9710E600940028C0EE /* Debug */,
				15A75A9810E600940028C0EE /* Release */,
			);
			defaultConfigurationIsVisible = 0;
			defaultConfigurationName = Release;
		};
		15EAA0F910E6910500B7321A /* Build configuration list for PBXAggregateTarget "SwapKit (Source)" */ = {
			isa = XCConfigurationList;
			buildConfigurations = (
				15EAA0E710E690F100B7321A /* Debug */,
				15EAA0E810E690F100B7321A /* Release */,
			);
			defaultConfigurationIsVisible = 0;
			defaultConfigurationName = Release;
		};
		1DEB921E08733DC00010E9CD /* Build configuration list for PBXNativeTarget "SwapKit" */ = {
			isa = XCConfigurationList;
			buildConfigurations = (
				1DEB921F08733DC00010E9CD /* Debug */,
				1DEB922008733DC00010E9CD /* Release */,
			);
			defaultConfigurationIsVisible = 0;
			defaultConfigurationName = Release;
		};
		1DEB922208733DC00010E9CD /* Build configuration list for PBXProject "SwapKit" */ = {
			isa = XCConfigurationList;
			buildConfigurations = (
				1DEB922308733DC00010E9CD /* Debug */,
				1DEB922408733DC00010E9CD /* Release */,
			);
			defaultConfigurationIsVisible = 0;
			defaultConfigurationName = Release;
		};
/* End XCConfigurationList section */
	};
	rootObject = 0867D690FE84028FC02AAC07 /* Project object */;
}
